// !$*UTF8*$!
{
	archiveVersion = 1;
	classes = {
	};
	objectVersion = 50;
	objects = {

/* Begin PBXBuildFile section */
		81AA3E992BBCFA4900FA2D97 /* ViewControllerProtocol.swift in Sources */ = {isa = PBXBuildFile; fileRef = 81AA3E982BBCFA4900FA2D97 /* ViewControllerProtocol.swift */; };
		81AA3E9C2BBCFA9A00FA2D97 /* ProtocolDemoController.swift in Sources */ = {isa = PBXBuildFile; fileRef = 81AA3E9B2BBCFA9A00FA2D97 /* ProtocolDemoController.swift */; };
		81AA3E9F2BBD008900FA2D97 /* Notification.swift in Sources */ = {isa = PBXBuildFile; fileRef = 81AA3E9E2BBD008900FA2D97 /* Notification.swift */; };
		81AA3EA42BBD011000FA2D97 /* SFJObserve.swift in Sources */ = {isa = PBXBuildFile; fileRef = 81AA3EA12BBD011000FA2D97 /* SFJObserve.swift */; };
		81AA3EA52BBD011000FA2D97 /* Observable.swift in Sources */ = {isa = PBXBuildFile; fileRef = 81AA3EA22BBD011000FA2D97 /* Observable.swift */; };
		81AA3EA82BBD03C500FA2D97 /* KYWrapper.swift in Sources */ = {isa = PBXBuildFile; fileRef = 81AA3EA72BBD03C500FA2D97 /* KYWrapper.swift */; };
		81AA3EAB2BBD056500FA2D97 /* CombineObserver.swift in Sources */ = {isa = PBXBuildFile; fileRef = 81AA3EA92BBD044B00FA2D97 /* CombineObserver.swift */; };
		81AA3EAC2BBD056500FA2D97 /* Observers.swift in Sources */ = {isa = PBXBuildFile; fileRef = 81AA3EA02BBD011000FA2D97 /* Observers.swift */; };
		957E4A7626E9A3CC00E589E3 /* AppDelegate.swift in Sources */ = {isa = PBXBuildFile; fileRef = 957E4A7526E9A3CC00E589E3 /* AppDelegate.swift */; };
		957E4A7826E9A3CC00E589E3 /* SceneDelegate.swift in Sources */ = {isa = PBXBuildFile; fileRef = 957E4A7726E9A3CC00E589E3 /* SceneDelegate.swift */; };
		957E4A7A26E9A3CC00E589E3 /* ViewController.swift in Sources */ = {isa = PBXBuildFile; fileRef = 957E4A7926E9A3CC00E589E3 /* ViewController.swift */; };
		957E4A7D26E9A3CC00E589E3 /* Main.storyboard in Resources */ = {isa = PBXBuildFile; fileRef = 957E4A7B26E9A3CC00E589E3 /* Main.storyboard */; };
		957E4A7F26E9A3CD00E589E3 /* Assets.xcassets in Resources */ = {isa = PBXBuildFile; fileRef = 957E4A7E26E9A3CD00E589E3 /* Assets.xcassets */; };
		957E4A8226E9A3CD00E589E3 /* LaunchScreen.storyboard in Resources */ = {isa = PBXBuildFile; fileRef = 957E4A8026E9A3CD00E589E3 /* LaunchScreen.storyboard */; };
		957E4A8D26E9A3CD00E589E3 /* SFJSwiftTipsDemoTests.swift in Sources */ = {isa = PBXBuildFile; fileRef = 957E4A8C26E9A3CD00E589E3 /* SFJSwiftTipsDemoTests.swift */; };
		957E4A9826E9A3CD00E589E3 /* SFJSwiftTipsDemoUITests.swift in Sources */ = {isa = PBXBuildFile; fileRef = 957E4A9726E9A3CD00E589E3 /* SFJSwiftTipsDemoUITests.swift */; };
/* End PBXBuildFile section */

/* Begin PBXContainerItemProxy section */
		957E4A8926E9A3CD00E589E3 /* PBXContainerItemProxy */ = {
			isa = PBXContainerItemProxy;
			containerPortal = 957E4A6A26E9A3CC00E589E3 /* Project object */;
			proxyType = 1;
			remoteGlobalIDString = 957E4A7126E9A3CC00E589E3;
			remoteInfo = SFJSwiftTipsDemo;
		};
		957E4A9426E9A3CD00E589E3 /* PBXContainerItemProxy */ = {
			isa = PBXContainerItemProxy;
			containerPortal = 957E4A6A26E9A3CC00E589E3 /* Project object */;
			proxyType = 1;
			remoteGlobalIDString = 957E4A7126E9A3CC00E589E3;
			remoteInfo = SFJSwiftTipsDemo;
		};
/* End PBXContainerItemProxy section */

/* Begin PBXFileReference section */
		81AA3E982BBCFA4900FA2D97 /* ViewControllerProtocol.swift */ = {isa = PBXFileReference; fileEncoding = 4; lastKnownFileType = sourcecode.swift; path = ViewControllerProtocol.swift; sourceTree = "<group>"; };
		81AA3E9B2BBCFA9A00FA2D97 /* ProtocolDemoController.swift */ = {isa = PBXFileReference; lastKnownFileType = sourcecode.swift; path = ProtocolDemoController.swift; sourceTree = "<group>"; };
		81AA3E9E2BBD008900FA2D97 /* Notification.swift */ = {isa = PBXFileReference; lastKnownFileType = sourcecode.swift; path = Notification.swift; sourceTree = "<group>"; };
		81AA3EA02BBD011000FA2D97 /* Observers.swift */ = {isa = PBXFileReference; fileEncoding = 4; lastKnownFileType = sourcecode.swift; path = Observers.swift; sourceTree = "<group>"; };
		81AA3EA12BBD011000FA2D97 /* SFJObserve.swift */ = {isa = PBXFileReference; fileEncoding = 4; lastKnownFileType = sourcecode.swift; path = SFJObserve.swift; sourceTree = "<group>"; };
		81AA3EA22BBD011000FA2D97 /* Observable.swift */ = {isa = PBXFileReference; fileEncoding = 4; lastKnownFileType = sourcecode.swift; path = Observable.swift; sourceTree = "<group>"; };
		81AA3EA72BBD03C500FA2D97 /* KYWrapper.swift */ = {isa = PBXFileReference; fileEncoding = 4; lastKnownFileType = sourcecode.swift; path = KYWrapper.swift; sourceTree = "<group>"; };
		81AA3EA92BBD044B00FA2D97 /* CombineObserver.swift */ = {isa = PBXFileReference; fileEncoding = 4; lastKnownFileType = sourcecode.swift; path = CombineObserver.swift; sourceTree = "<group>"; };
		957E4A7226E9A3CC00E589E3 /* SFJSwiftTipsDemo.app */ = {isa = PBXFileReference; explicitFileType = wrapper.application; includeInIndex = 0; path = SFJSwiftTipsDemo.app; sourceTree = BUILT_PRODUCTS_DIR; };
		957E4A7526E9A3CC00E589E3 /* AppDelegate.swift */ = {isa = PBXFileReference; lastKnownFileType = sourcecode.swift; path = AppDelegate.swift; sourceTree = "<group>"; };
		957E4A7726E9A3CC00E589E3 /* SceneDelegate.swift */ = {isa = PBXFileReference; lastKnownFileType = sourcecode.swift; path = SceneDelegate.swift; sourceTree = "<group>"; };
		957E4A7926E9A3CC00E589E3 /* ViewController.swift */ = {isa = PBXFileReference; lastKnownFileType = sourcecode.swift; path = ViewController.swift; sourceTree = "<group>"; };
		957E4A7C26E9A3CC00E589E3 /* Base */ = {isa = PBXFileReference; lastKnownFileType = file.storyboard; name = Base; path = Base.lproj/Main.storyboard; sourceTree = "<group>"; };
		957E4A7E26E9A3CD00E589E3 /* Assets.xcassets */ = {isa = PBXFileReference; lastKnownFileType = folder.assetcatalog; path = Assets.xcassets; sourceTree = "<group>"; };
		957E4A8126E9A3CD00E589E3 /* Base */ = {isa = PBXFileReference; lastKnownFileType = file.storyboard; name = Base; path = Base.lproj/LaunchScreen.storyboard; sourceTree = "<group>"; };
		957E4A8326E9A3CD00E589E3 /* Info.plist */ = {isa = PBXFileReference; lastKnownFileType = text.plist.xml; path = Info.plist; sourceTree = "<group>"; };
		957E4A8826E9A3CD00E589E3 /* SFJSwiftTipsDemoTests.xctest */ = {isa = PBXFileReference; explicitFileType = wrapper.cfbundle; includeInIndex = 0; path = SFJSwiftTipsDemoTests.xctest; sourceTree = BUILT_PRODUCTS_DIR; };
		957E4A8C26E9A3CD00E589E3 /* SFJSwiftTipsDemoTests.swift */ = {isa = PBXFileReference; lastKnownFileType = sourcecode.swift; path = SFJSwiftTipsDemoTests.swift; sourceTree = "<group>"; };
		957E4A8E26E9A3CD00E589E3 /* Info.plist */ = {isa = PBXFileReference; lastKnownFileType = text.plist.xml; path = Info.plist; sourceTree = "<group>"; };
		957E4A9326E9A3CD00E589E3 /* SFJSwiftTipsDemoUITests.xctest */ = {isa = PBXFileReference; explicitFileType = wrapper.cfbundle; includeInIndex = 0; path = SFJSwiftTipsDemoUITests.xctest; sourceTree = BUILT_PRODUCTS_DIR; };
		957E4A9726E9A3CD00E589E3 /* SFJSwiftTipsDemoUITests.swift */ = {isa = PBXFileReference; lastKnownFileType = sourcecode.swift; path = SFJSwiftTipsDemoUITests.swift; sourceTree = "<group>"; };
		957E4A9926E9A3CD00E589E3 /* Info.plist */ = {isa = PBXFileReference; lastKnownFileType = text.plist.xml; path = Info.plist; sourceTree = "<group>"; };
/* End PBXFileReference section */

/* Begin PBXFrameworksBuildPhase section */
		957E4A6F26E9A3CC00E589E3 /* Frameworks */ = {
			isa = PBXFrameworksBuildPhase;
			buildActionMask = 2147483647;
			files = (
			);
			runOnlyForDeploymentPostprocessing = 0;
		};
		957E4A8526E9A3CD00E589E3 /* Frameworks */ = {
			isa = PBXFrameworksBuildPhase;
			buildActionMask = 2147483647;
			files = (
			);
			runOnlyForDeploymentPostprocessing = 0;
		};
		957E4A9026E9A3CD00E589E3 /* Frameworks */ = {
			isa = PBXFrameworksBuildPhase;
			buildActionMask = 2147483647;
			files = (
			);
			runOnlyForDeploymentPostprocessing = 0;
		};
/* End PBXFrameworksBuildPhase section */

/* Begin PBXGroup section */
		81AA3E9A2BBCFA6300FA2D97 /* ViewControllerProtocolDemo */ = {
			isa = PBXGroup;
			children = (
				81AA3E982BBCFA4900FA2D97 /* ViewControllerProtocol.swift */,
				81AA3E9B2BBCFA9A00FA2D97 /* ProtocolDemoController.swift */,
			);
			path = ViewControllerProtocolDemo;
			sourceTree = "<group>";
		};
		81AA3E9D2BBD005500FA2D97 /* Observable */ = {
			isa = PBXGroup;
			children = (
				81AA3E9E2BBD008900FA2D97 /* Notification.swift */,
				81AA3EA12BBD011000FA2D97 /* SFJObserve.swift */,
				81AA3EA22BBD011000FA2D97 /* Observable.swift */,
				81AA3EA02BBD011000FA2D97 /* Observers.swift */,
				81AA3EA92BBD044B00FA2D97 /* CombineObserver.swift */,
			);
			path = Observable;
			sourceTree = "<group>";
		};
		81AA3EA62BBD017100FA2D97 /* NameSpace */ = {
			isa = PBXGroup;
			children = (
				81AA3EA72BBD03C500FA2D97 /* KYWrapper.swift */,
			);
			path = NameSpace;
			sourceTree = "<group>";
		};
		957E4A6926E9A3CC00E589E3 = {
			isa = PBXGroup;
			children = (
				957E4A7426E9A3CC00E589E3 /* SFJSwiftTipsDemo */,
				957E4A8B26E9A3CD00E589E3 /* SFJSwiftTipsDemoTests */,
				957E4A9626E9A3CD00E589E3 /* SFJSwiftTipsDemoUITests */,
				957E4A7326E9A3CC00E589E3 /* Products */,
			);
			sourceTree = "<group>";
		};
		957E4A7326E9A3CC00E589E3 /* Products */ = {
			isa = PBXGroup;
			children = (
				957E4A7226E9A3CC00E589E3 /* SFJSwiftTipsDemo.app */,
				957E4A8826E9A3CD00E589E3 /* SFJSwiftTipsDemoTests.xctest */,
				957E4A9326E9A3CD00E589E3 /* SFJSwiftTipsDemoUITests.xctest */,
			);
			name = Products;
			sourceTree = "<group>";
		};
		957E4A7426E9A3CC00E589E3 /* SFJSwiftTipsDemo */ = {
			isa = PBXGroup;
			children = (
				81AA3EA62BBD017100FA2D97 /* NameSpace */,
				81AA3E9D2BBD005500FA2D97 /* Observable */,
				81AA3E9A2BBCFA6300FA2D97 /* ViewControllerProtocolDemo */,
				957E4A7526E9A3CC00E589E3 /* AppDelegate.swift */,
				957E4A7726E9A3CC00E589E3 /* SceneDelegate.swift */,
				957E4A7926E9A3CC00E589E3 /* ViewController.swift */,
				957E4A7B26E9A3CC00E589E3 /* Main.storyboard */,
				957E4A7E26E9A3CD00E589E3 /* Assets.xcassets */,
				957E4A8026E9A3CD00E589E3 /* LaunchScreen.storyboard */,
				957E4A8326E9A3CD00E589E3 /* Info.plist */,
			);
			path = SFJSwiftTipsDemo;
			sourceTree = "<group>";
		};
		957E4A8B26E9A3CD00E589E3 /* SFJSwiftTipsDemoTests */ = {
			isa = PBXGroup;
			children = (
				957E4A8C26E9A3CD00E589E3 /* SFJSwiftTipsDemoTests.swift */,
				957E4A8E26E9A3CD00E589E3 /* Info.plist */,
			);
			path = SFJSwiftTipsDemoTests;
			sourceTree = "<group>";
		};
		957E4A9626E9A3CD00E589E3 /* SFJSwiftTipsDemoUITests */ = {
			isa = PBXGroup;
			children = (
				957E4A9726E9A3CD00E589E3 /* SFJSwiftTipsDemoUITests.swift */,
				957E4A9926E9A3CD00E589E3 /* Info.plist */,
			);
			path = SFJSwiftTipsDemoUITests;
			sourceTree = "<group>";
		};
/* End PBXGroup section */

/* Begin PBXNativeTarget section */
		957E4A7126E9A3CC00E589E3 /* SFJSwiftTipsDemo */ = {
			isa = PBXNativeTarget;
			buildConfigurationList = 957E4A9C26E9A3CD00E589E3 /* Build configuration list for PBXNativeTarget "SFJSwiftTipsDemo" */;
			buildPhases = (
				957E4A6E26E9A3CC00E589E3 /* Sources */,
				957E4A6F26E9A3CC00E589E3 /* Frameworks */,
				957E4A7026E9A3CC00E589E3 /* Resources */,
			);
			buildRules = (
			);
			dependencies = (
			);
			name = SFJSwiftTipsDemo;
			productName = SFJSwiftTipsDemo;
			productReference = 957E4A7226E9A3CC00E589E3 /* SFJSwiftTipsDemo.app */;
			productType = "com.apple.product-type.application";
		};
		957E4A8726E9A3CD00E589E3 /* SFJSwiftTipsDemoTests */ = {
			isa = PBXNativeTarget;
			buildConfigurationList = 957E4A9F26E9A3CD00E589E3 /* Build configuration list for PBXNativeTarget "SFJSwiftTipsDemoTests" */;
			buildPhases = (
				957E4A8426E9A3CD00E589E3 /* Sources */,
				957E4A8526E9A3CD00E589E3 /* Frameworks */,
				957E4A8626E9A3CD00E589E3 /* Resources */,
			);
			buildRules = (
			);
			dependencies = (
				957E4A8A26E9A3CD00E589E3 /* PBXTargetDependency */,
			);
			name = SFJSwiftTipsDemoTests;
			productName = SFJSwiftTipsDemoTests;
			productReference = 957E4A8826E9A3CD00E589E3 /* SFJSwiftTipsDemoTests.xctest */;
			productType = "com.apple.product-type.bundle.unit-test";
		};
		957E4A9226E9A3CD00E589E3 /* SFJSwiftTipsDemoUITests */ = {
			isa = PBXNativeTarget;
			buildConfigurationList = 957E4AA226E9A3CD00E589E3 /* Build configuration list for PBXNativeTarget "SFJSwiftTipsDemoUITests" */;
			buildPhases = (
				957E4A8F26E9A3CD00E589E3 /* Sources */,
				957E4A9026E9A3CD00E589E3 /* Frameworks */,
				957E4A9126E9A3CD00E589E3 /* Resources */,
			);
			buildRules = (
			);
			dependencies = (
				957E4A9526E9A3CD00E589E3 /* PBXTargetDependency */,
			);
			name = SFJSwiftTipsDemoUITests;
			productName = SFJSwiftTipsDemoUITests;
			productReference = 957E4A9326E9A3CD00E589E3 /* SFJSwiftTipsDemoUITests.xctest */;
			productType = "com.apple.product-type.bundle.ui-testing";
		};
/* End PBXNativeTarget section */

/* Begin PBXProject section */
		957E4A6A26E9A3CC00E589E3 /* Project object */ = {
			isa = PBXProject;
			attributes = {
				LastSwiftUpdateCheck = 1250;
				LastUpgradeCheck = 1250;
				TargetAttributes = {
					957E4A7126E9A3CC00E589E3 = {
						CreatedOnToolsVersion = 12.5.1;
					};
					957E4A8726E9A3CD00E589E3 = {
						CreatedOnToolsVersion = 12.5.1;
						TestTargetID = 957E4A7126E9A3CC00E589E3;
					};
					957E4A9226E9A3CD00E589E3 = {
						CreatedOnToolsVersion = 12.5.1;
						TestTargetID = 957E4A7126E9A3CC00E589E3;
					};
				};
			};
			buildConfigurationList = 957E4A6D26E9A3CC00E589E3 /* Build configuration list for PBXProject "SFJSwiftTipsDemo" */;
			compatibilityVersion = "Xcode 9.3";
			developmentRegion = en;
			hasScannedForEncodings = 0;
			knownRegions = (
				en,
				Base,
			);
			mainGroup = 957E4A6926E9A3CC00E589E3;
			productRefGroup = 957E4A7326E9A3CC00E589E3 /* Products */;
			projectDirPath = "";
			projectRoot = "";
			targets = (
				957E4A7126E9A3CC00E589E3 /* SFJSwiftTipsDemo */,
				957E4A8726E9A3CD00E589E3 /* SFJSwiftTipsDemoTests */,
				957E4A9226E9A3CD00E589E3 /* SFJSwiftTipsDemoUITests */,
			);
		};
/* End PBXProject section */

/* Begin PBXResourcesBuildPhase section */
		957E4A7026E9A3CC00E589E3 /* Resources */ = {
			isa = PBXResourcesBuildPhase;
			buildActionMask = 2147483647;
			files = (
				957E4A8226E9A3CD00E589E3 /* LaunchScreen.storyboard in Resources */,
				957E4A7F26E9A3CD00E589E3 /* Assets.xcassets in Resources */,
				957E4A7D26E9A3CC00E589E3 /* Main.storyboard in Resources */,
			);
			runOnlyForDeploymentPostprocessing = 0;
		};
		957E4A8626E9A3CD00E589E3 /* Resources */ = {
			isa = PBXResourcesBuildPhase;
			buildActionMask = 2147483647;
			files = (
			);
			runOnlyForDeploymentPostprocessing = 0;
		};
		957E4A9126E9A3CD00E589E3 /* Resources */ = {
			isa = PBXResourcesBuildPhase;
			buildActionMask = 2147483647;
			files = (
			);
			runOnlyForDeploymentPostprocessing = 0;
		};
/* End PBXResourcesBuildPhase section */

/* Begin PBXSourcesBuildPhase section */
		957E4A6E26E9A3CC00E589E3 /* Sources */ = {
			isa = PBXSourcesBuildPhase;
			buildActionMask = 2147483647;
			files = (
				81AA3EAB2BBD056500FA2D97 /* CombineObserver.swift in Sources */,
				81AA3EAC2BBD056500FA2D97 /* Observers.swift in Sources */,
				81AA3E9C2BBCFA9A00FA2D97 /* ProtocolDemoController.swift in Sources */,
				81AA3E992BBCFA4900FA2D97 /* ViewControllerProtocol.swift in Sources */,
				81AA3E9F2BBD008900FA2D97 /* Notification.swift in Sources */,
				81AA3EA82BBD03C500FA2D97 /* KYWrapper.swift in Sources */,
				957E4A7A26E9A3CC00E589E3 /* ViewController.swift in Sources */,
				81AA3EA52BBD011000FA2D97 /* Observable.swift in Sources */,
				81AA3EA42BBD011000FA2D97 /* SFJObserve.swift in Sources */,
				957E4A7626E9A3CC00E589E3 /* AppDelegate.swift in Sources */,
				957E4A7826E9A3CC00E589E3 /* SceneDelegate.swift in Sources */,
			);
			runOnlyForDeploymentPostprocessing = 0;
		};
		957E4A8426E9A3CD00E589E3 /* Sources */ = {
			isa = PBXSourcesBuildPhase;
			buildActionMask = 2147483647;
			files = (
				957E4A8D26E9A3CD00E589E3 /* SFJSwiftTipsDemoTests.swift in Sources */,
			);
			runOnlyForDeploymentPostprocessing = 0;
		};
		957E4A8F26E9A3CD00E589E3 /* Sources */ = {
			isa = PBXSourcesBuildPhase;
			buildActionMask = 2147483647;
			files = (
				957E4A9826E9A3CD00E589E3 /* SFJSwiftTipsDemoUITests.swift in Sources */,
			);
			runOnlyForDeploymentPostprocessing = 0;
		};
/* End PBXSourcesBuildPhase section */

/* Begin PBXTargetDependency section */
		957E4A8A26E9A3CD00E589E3 /* PBXTargetDependency */ = {
			isa = PBXTargetDependency;
			target = 957E4A7126E9A3CC00E589E3 /* SFJSwiftTipsDemo */;
			targetProxy = 957E4A8926E9A3CD00E589E3 /* PBXContainerItemProxy */;
		};
		957E4A9526E9A3CD00E589E3 /* PBXTargetDependency */ = {
			isa = PBXTargetDependency;
			target = 957E4A7126E9A3CC00E589E3 /* SFJSwiftTipsDemo */;
			targetProxy = 957E4A9426E9A3CD00E589E3 /* PBXContainerItemProxy */;
		};
/* End PBXTargetDependency section */

/* Begin PBXVariantGroup section */
		957E4A7B26E9A3CC00E589E3 /* Main.storyboard */ = {
			isa = PBXVariantGroup;
			children = (
				957E4A7C26E9A3CC00E589E3 /* Base */,
			);
			name = Main.storyboard;
			sourceTree = "<group>";
		};
		957E4A8026E9A3CD00E589E3 /* LaunchScreen.storyboard */ = {
			isa = PBXVariantGroup;
			children = (
				957E4A8126E9A3CD00E589E3 /* Base */,
			);
			name = LaunchScreen.storyboard;
			sourceTree = "<group>";
		};
/* End PBXVariantGroup section */

/* Begin XCBuildConfiguration section */
		957E4A9A26E9A3CD00E589E3 /* Debug */ = {
			isa = XCBuildConfiguration;
			buildSettings = {
				ALWAYS_SEARCH_USER_PATHS = NO;
				CLANG_ANALYZER_NONNULL = YES;
				CLANG_ANALYZER_NUMBER_OBJECT_CONVERSION = YES_AGGRESSIVE;
				CLANG_CXX_LANGUAGE_STANDARD = "gnu++14";
				CLANG_CXX_LIBRARY = "libc++";
				CLANG_ENABLE_MODULES = YES;
				CLANG_ENABLE_OBJC_ARC = YES;
				CLANG_ENABLE_OBJC_WEAK = YES;
				CLANG_WARN_BLOCK_CAPTURE_AUTORELEASING = YES;
				CLANG_WARN_BOOL_CONVERSION = YES;
				CLANG_WARN_COMMA = YES;
				CLANG_WARN_CONSTANT_CONVERSION = YES;
				CLANG_WARN_DEPRECATED_OBJC_IMPLEMENTATIONS = YES;
				CLANG_WARN_DIRECT_OBJC_ISA_USAGE = YES_ERROR;
				CLANG_WARN_DOCUMENTATION_COMMENTS = YES;
				CLANG_WARN_EMPTY_BODY = YES;
				CLANG_WARN_ENUM_CONVERSION = YES;
				CLANG_WARN_INFINITE_RECURSION = YES;
				CLANG_WARN_INT_CONVERSION = YES;
				CLANG_WARN_NON_LITERAL_NULL_CONVERSION = YES;
				CLANG_WARN_OBJC_IMPLICIT_RETAIN_SELF = YES;
				CLANG_WARN_OBJC_LITERAL_CONVERSION = YES;
				CLANG_WARN_OBJC_ROOT_CLASS = YES_ERROR;
				CLANG_WARN_QUOTED_INCLUDE_IN_FRAMEWORK_HEADER = YES;
				CLANG_WARN_RANGE_LOOP_ANALYSIS = YES;
				CLANG_WARN_STRICT_PROTOTYPES = YES;
				CLANG_WARN_SUSPICIOUS_MOVE = YES;
				CLANG_WARN_UNGUARDED_AVAILABILITY = YES_AGGRESSIVE;
				CLANG_WARN_UNREACHABLE_CODE = YES;
				CLANG_WARN__DUPLICATE_METHOD_MATCH = YES;
				COPY_PHASE_STRIP = NO;
				DEBUG_INFORMATION_FORMAT = dwarf;
				ENABLE_STRICT_OBJC_MSGSEND = YES;
				ENABLE_TESTABILITY = YES;
				GCC_C_LANGUAGE_STANDARD = gnu11;
				GCC_DYNAMIC_NO_PIC = NO;
				GCC_NO_COMMON_BLOCKS = YES;
				GCC_OPTIMIZATION_LEVEL = 0;
				GCC_PREPROCESSOR_DEFINITIONS = (
					"DEBUG=1",
					"$(inherited)",
				);
				GCC_WARN_64_TO_32_BIT_CONVERSION = YES;
				GCC_WARN_ABOUT_RETURN_TYPE = YES_ERROR;
				GCC_WARN_UNDECLARED_SELECTOR = YES;
				GCC_WARN_UNINITIALIZED_AUTOS = YES_AGGRESSIVE;
				GCC_WARN_UNUSED_FUNCTION = YES;
				GCC_WARN_UNUSED_VARIABLE = YES;
				IPHONEOS_DEPLOYMENT_TARGET = 14.5;
				MTL_ENABLE_DEBUG_INFO = INCLUDE_SOURCE;
				MTL_FAST_MATH = YES;
				ONLY_ACTIVE_ARCH = YES;
				SDKROOT = iphoneos;
				SWIFT_ACTIVE_COMPILATION_CONDITIONS = DEBUG;
				SWIFT_OPTIMIZATION_LEVEL = "-Onone";
			};
			name = Debug;
		};
		957E4A9B26E9A3CD00E589E3 /* Release */ = {
			isa = XCBuildConfiguration;
			buildSettings = {
				ALWAYS_SEARCH_USER_PATHS = NO;
				CLANG_ANALYZER_NONNULL = YES;
				CLANG_ANALYZER_NUMBER_OBJECT_CONVERSION = YES_AGGRESSIVE;
				CLANG_CXX_LANGUAGE_STANDARD = "gnu++14";
				CLANG_CXX_LIBRARY = "libc++";
				CLANG_ENABLE_MODULES = YES;
				CLANG_ENABLE_OBJC_ARC = YES;
				CLANG_ENABLE_OBJC_WEAK = YES;
				CLANG_WARN_BLOCK_CAPTURE_AUTORELEASING = YES;
				CLANG_WARN_BOOL_CONVERSION = YES;
				CLANG_WARN_COMMA = YES;
				CLANG_WARN_CONSTANT_CONVERSION = YES;
				CLANG_WARN_DEPRECATED_OBJC_IMPLEMENTATIONS = YES;
				CLANG_WARN_DIRECT_OBJC_ISA_USAGE = YES_ERROR;
				CLANG_WARN_DOCUMENTATION_COMMENTS = YES;
				CLANG_WARN_EMPTY_BODY = YES;
				CLANG_WARN_ENUM_CONVERSION = YES;
				CLANG_WARN_INFINITE_RECURSION = YES;
				CLANG_WARN_INT_CONVERSION = YES;
				CLANG_WARN_NON_LITERAL_NULL_CONVERSION = YES;
				CLANG_WARN_OBJC_IMPLICIT_RETAIN_SELF = YES;
				CLANG_WARN_OBJC_LITERAL_CONVERSION = YES;
				CLANG_WARN_OBJC_ROOT_CLASS = YES_ERROR;
				CLANG_WARN_QUOTED_INCLUDE_IN_FRAMEWORK_HEADER = YES;
				CLANG_WARN_RANGE_LOOP_ANALYSIS = YES;
				CLANG_WARN_STRICT_PROTOTYPES = YES;
				CLANG_WARN_SUSPICIOUS_MOVE = YES;
				CLANG_WARN_UNGUARDED_AVAILABILITY = YES_AGGRESSIVE;
				CLANG_WARN_UNREACHABLE_CODE = YES;
				CLANG_WARN__DUPLICATE_METHOD_MATCH = YES;
				COPY_PHASE_STRIP = NO;
				DEBUG_INFORMATION_FORMAT = "dwarf-with-dsym";
				ENABLE_NS_ASSERTIONS = NO;
				ENABLE_STRICT_OBJC_MSGSEND = YES;
				GCC_C_LANGUAGE_STANDARD = gnu11;
				GCC_NO_COMMON_BLOCKS = YES;
				GCC_WARN_64_TO_32_BIT_CONVERSION = YES;
				GCC_WARN_ABOUT_RETURN_TYPE = YES_ERROR;
				GCC_WARN_UNDECLARED_SELECTOR = YES;
				GCC_WARN_UNINITIALIZED_AUTOS = YES_AGGRESSIVE;
				GCC_WARN_UNUSED_FUNCTION = YES;
				GCC_WARN_UNUSED_VARIABLE = YES;
				IPHONEOS_DEPLOYMENT_TARGET = 14.5;
				MTL_ENABLE_DEBUG_INFO = NO;
				MTL_FAST_MATH = YES;
				SDKROOT = iphoneos;
				SWIFT_COMPILATION_MODE = wholemodule;
				SWIFT_OPTIMIZATION_LEVEL = "-O";
				VALIDATE_PRODUCT = YES;
			};
			name = Release;
		};
		957E4A9D26E9A3CD00E589E3 /* Debug */ = {
			isa = XCBuildConfiguration;
			buildSettings = {
				ASSETCATALOG_COMPILER_APPICON_NAME = AppIcon;
				ASSETCATALOG_COMPILER_GLOBAL_ACCENT_COLOR_NAME = AccentColor;
				CODE_SIGN_STYLE = Automatic;
				DEVELOPMENT_TEAM = 2PHV6T5L36;
				INFOPLIST_FILE = SFJSwiftTipsDemo/Info.plist;
				LD_RUNPATH_SEARCH_PATHS = (
					"$(inherited)",
					"@executable_path/Frameworks",
				);
				PRODUCT_BUNDLE_IDENTIFIER = com.shafujiu.SFJSwiftTipsDemo;
				PRODUCT_NAME = "$(TARGET_NAME)";
				SWIFT_VERSION = 5.0;
				TARGETED_DEVICE_FAMILY = "1,2";
			};
			name = Debug;
		};
		957E4A9E26E9A3CD00E589E3 /* Release */ = {
			isa = XCBuildConfiguration;
			buildSettings = {
				ASSETCATALOG_COMPILER_APPICON_NAME = AppIcon;
				ASSETCATALOG_COMPILER_GLOBAL_ACCENT_COLOR_NAME = AccentColor;
				CODE_SIGN_STYLE = Automatic;
				DEVELOPMENT_TEAM = 2PHV6T5L36;
				INFOPLIST_FILE = SFJSwiftTipsDemo/Info.plist;
				LD_RUNPATH_SEARCH_PATHS = (
					"$(inherited)",
					"@executable_path/Frameworks",
				);
				PRODUCT_BUNDLE_IDENTIFIER = com.shafujiu.SFJSwiftTipsDemo;
				PRODUCT_NAME = "$(TARGET_NAME)";
				SWIFT_VERSION = 5.0;
				TARGETED_DEVICE_FAMILY = "1,2";
			};
			name = Release;
		};
		957E4AA026E9A3CD00E589E3 /* Debug */ = {
			isa = XCBuildConfiguration;
			buildSettings = {
				ALWAYS_EMBED_SWIFT_STANDARD_LIBRARIES = YES;
				BUNDLE_LOADER = "$(TEST_HOST)";
				CODE_SIGN_STYLE = Automatic;
				DEVELOPMENT_TEAM = 2PHV6T5L36;
				INFOPLIST_FILE = SFJSwiftTipsDemoTests/Info.plist;
				IPHONEOS_DEPLOYMENT_TARGET = 14.5;
				LD_RUNPATH_SEARCH_PATHS = (
					"$(inherited)",
					"@executable_path/Frameworks",
					"@loader_path/Frameworks",
				);
				PRODUCT_BUNDLE_IDENTIFIER = com.shafujiu.SFJSwiftTipsDemoTests;
				PRODUCT_NAME = "$(TARGET_NAME)";
				SWIFT_VERSION = 5.0;
				TARGETED_DEVICE_FAMILY = "1,2";
				TEST_HOST = "$(BUILT_PRODUCTS_DIR)/SFJSwiftTipsDemo.app/SFJSwiftTipsDemo";
			};
			name = Debug;
		};
		957E4AA126E9A3CD00E589E3 /* Release */ = {
			isa = XCBuildConfiguration;
			buildSettings = {
				ALWAYS_EMBED_SWIFT_STANDARD_LIBRARIES = YES;
				BUNDLE_LOADER = "$(TEST_HOST)";
				CODE_SIGN_STYLE = Automatic;
				DEVELOPMENT_TEAM = 2PHV6T5L36;
				INFOPLIST_FILE = SFJSwiftTipsDemoTests/Info.plist;
				IPHONEOS_DEPLOYMENT_TARGET = 14.5;
				LD_RUNPATH_SEARCH_PATHS = (
					"$(inherited)",
					"@executable_path/Frameworks",
					"@loader_path/Frameworks",
				);
				PRODUCT_BUNDLE_IDENTIFIER = com.shafujiu.SFJSwiftTipsDemoTests;
				PRODUCT_NAME = "$(TARGET_NAME)";
				SWIFT_VERSION = 5.0;
				TARGETED_DEVICE_FAMILY = "1,2";
				TEST_HOST = "$(BUILT_PRODUCTS_DIR)/SFJSwiftTipsDemo.app/SFJSwiftTipsDemo";
			};
			name = Release;
		};
		957E4AA326E9A3CD00E589E3 /* Debug */ = {
			isa = XCBuildConfiguration;
			buildSettings = {
				ALWAYS_EMBED_SWIFT_STANDARD_LIBRARIES = YES;
				CODE_SIGN_STYLE = Automatic;
				DEVELOPMENT_TEAM = 2PHV6T5L36;
				INFOPLIST_FILE = SFJSwiftTipsDemoUITests/Info.plist;
				LD_RUNPATH_SEARCH_PATHS = (
					"$(inherited)",
					"@executable_path/Frameworks",
					"@loader_path/Frameworks",
				);
				PRODUCT_BUNDLE_IDENTIFIER = com.shafujiu.SFJSwiftTipsDemoUITests;
				PRODUCT_NAME = "$(TARGET_NAME)";
				SWIFT_VERSION = 5.0;
				TARGETED_DEVICE_FAMILY = "1,2";
				TEST_TARGET_NAME = SFJSwiftTipsDemo;
			};
			name = Debug;
		};
		957E4AA426E9A3CD00E589E3 /* Release */ = {
			isa = XCBuildConfiguration;
			buildSettings = {
				ALWAYS_EMBED_SWIFT_STANDARD_LIBRARIES = YES;
				CODE_SIGN_STYLE = Automatic;
				DEVELOPMENT_TEAM = 2PHV6T5L36;
				INFOPLIST_FILE = SFJSwiftTipsDemoUITests/Info.plist;
				LD_RUNPATH_SEARCH_PATHS = (
					"$(inherited)",
					"@executable_path/Frameworks",
					"@loader_path/Frameworks",
				);
				PRODUCT_BUNDLE_IDENTIFIER = com.shafujiu.SFJSwiftTipsDemoUITests;
				PRODUCT_NAME = "$(TARGET_NAME)";
				SWIFT_VERSION = 5.0;
				TARGETED_DEVICE_FAMILY = "1,2";
				TEST_TARGET_NAME = SFJSwiftTipsDemo;
			};
			name = Release;
		};
/* End XCBuildConfiguration section */

/* Begin XCConfigurationList section */
		957E4A6D26E9A3CC00E589E3 /* Build configuration list for PBXProject "SFJSwiftTipsDemo" */ = {
			isa = XCConfigurationList;
			buildConfigurations = (
				957E4A9A26E9A3CD00E589E3 /* Debug */,
				957E4A9B26E9A3CD00E589E3 /* Release */,
			);
			defaultConfigurationIsVisible = 0;
			defaultConfigurationName = Release;
		};
		957E4A9C26E9A3CD00E589E3 /* Build configuration list for PBXNativeTarget "SFJSwiftTipsDemo" */ = {
			isa = XCConfigurationList;
			buildConfigurations = (
				957E4A9D26E9A3CD00E589E3 /* Debug */,
				957E4A9E26E9A3CD00E589E3 /* Release */,
			);
			defaultConfigurationIsVisible = 0;
			defaultConfigurationName = Release;
		};
		957E4A9F26E9A3CD00E589E3 /* Build configuration list for PBXNativeTarget "SFJSwiftTipsDemoTests" */ = {
			isa = XCConfigurationList;
			buildConfigurations = (
				957E4AA026E9A3CD00E589E3 /* Debug */,
				957E4AA126E9A3CD00E589E3 /* Release */,
			);
			defaultConfigurationIsVisible = 0;
			defaultConfigurationName = Release;
		};
		957E4AA226E9A3CD00E589E3 /* Build configuration list for PBXNativeTarget "SFJSwiftTipsDemoUITests" */ = {
			isa = XCConfigurationList;
			buildConfigurations = (
				957E4AA326E9A3CD00E589E3 /* Debug */,
				957E4AA426E9A3CD00E589E3 /* Release */,
			);
			defaultConfigurationIsVisible = 0;
			defaultConfigurationName = Release;
		};
/* End XCConfigurationList section */
	};
	rootObject = 957E4A6A26E9A3CC00E589E3 /* Project object */;
}
